// !$*UTF8*$!
{
	archiveVersion = 1;
	classes = {
	};
	objectVersion = 56;
	objects = {

/* Begin PBXBuildFile section */
		D35EE924298BCA0D0082E1DB /* AppDelegate.swift in Sources */ = {isa = PBXBuildFile; fileRef = D35EE923298BCA0D0082E1DB /* AppDelegate.swift */; };
		D35EE926298BCA0D0082E1DB /* SceneDelegate.swift in Sources */ = {isa = PBXBuildFile; fileRef = D35EE925298BCA0D0082E1DB /* SceneDelegate.swift */; };
		D35EE928298BCA0D0082E1DB /* ViewController.swift in Sources */ = {isa = PBXBuildFile; fileRef = D35EE927298BCA0D0082E1DB /* ViewController.swift */; };
		D35EE92B298BCA0D0082E1DB /* Main.storyboard in Resources */ = {isa = PBXBuildFile; fileRef = D35EE929298BCA0D0082E1DB /* Main.storyboard */; };
		D35EE92D298BCA0F0082E1DB /* Assets.xcassets in Resources */ = {isa = PBXBuildFile; fileRef = D35EE92C298BCA0F0082E1DB /* Assets.xcassets */; };
		D35EE930298BCA0F0082E1DB /* LaunchScreen.storyboard in Resources */ = {isa = PBXBuildFile; fileRef = D35EE92E298BCA0F0082E1DB /* LaunchScreen.storyboard */; };
		D35EE939298BCBB20082E1DB /* KakaoSDK in Frameworks */ = {isa = PBXBuildFile; productRef = D35EE938298BCBB20082E1DB /* KakaoSDK */; };
		D35EE93B298BCBB20082E1DB /* KakaoSDKAuth in Frameworks */ = {isa = PBXBuildFile; productRef = D35EE93A298BCBB20082E1DB /* KakaoSDKAuth */; };
		D35EE93D298BCBB20082E1DB /* KakaoSDKCommon in Frameworks */ = {isa = PBXBuildFile; productRef = D35EE93C298BCBB20082E1DB /* KakaoSDKCommon */; };
		D35EE93F298BCBB20082E1DB /* KakaoSDKCommonCore in Frameworks */ = {isa = PBXBuildFile; productRef = D35EE93E298BCBB20082E1DB /* KakaoSDKCommonCore */; };
		D35EE941298BCBB20082E1DB /* KakaoSDKNavi in Frameworks */ = {isa = PBXBuildFile; productRef = D35EE940298BCBB20082E1DB /* KakaoSDKNavi */; };
		D35EE943298BCBB20082E1DB /* KakaoSDKShare in Frameworks */ = {isa = PBXBuildFile; productRef = D35EE942298BCBB20082E1DB /* KakaoSDKShare */; };
		D35EE945298BCBB20082E1DB /* KakaoSDKStory in Frameworks */ = {isa = PBXBuildFile; productRef = D35EE944298BCBB20082E1DB /* KakaoSDKStory */; };
		D35EE947298BCBB20082E1DB /* KakaoSDKTalk in Frameworks */ = {isa = PBXBuildFile; productRef = D35EE946298BCBB20082E1DB /* KakaoSDKTalk */; };
		D35EE949298BCBB20082E1DB /* KakaoSDKTemplate in Frameworks */ = {isa = PBXBuildFile; productRef = D35EE948298BCBB20082E1DB /* KakaoSDKTemplate */; };
		D35EE94B298BCBB20082E1DB /* KakaoSDKUser in Frameworks */ = {isa = PBXBuildFile; productRef = D35EE94A298BCBB20082E1DB /* KakaoSDKUser */; };
		D35EE94E298FD5DD0082E1DB /* KakaoAuthVM.swift in Sources */ = {isa = PBXBuildFile; fileRef = D35EE94D298FD5DD0082E1DB /* KakaoAuthVM.swift */; };
		D35EE951298FD8510082E1DB /* SnapKit in Frameworks */ = {isa = PBXBuildFile; productRef = D35EE950298FD8510082E1DB /* SnapKit */; };
/* End PBXBuildFile section */

/* Begin PBXFileReference section */
		D35EE920298BCA0D0082E1DB /* KakaoLoginUIKit-tutorial.app */ = {isa = PBXFileReference; explicitFileType = wrapper.application; includeInIndex = 0; path = "KakaoLoginUIKit-tutorial.app"; sourceTree = BUILT_PRODUCTS_DIR; };
		D35EE923298BCA0D0082E1DB /* AppDelegate.swift */ = {isa = PBXFileReference; lastKnownFileType = sourcecode.swift; path = AppDelegate.swift; sourceTree = "<group>"; };
		D35EE925298BCA0D0082E1DB /* SceneDelegate.swift */ = {isa = PBXFileReference; lastKnownFileType = sourcecode.swift; path = SceneDelegate.swift; sourceTree = "<group>"; };
		D35EE927298BCA0D0082E1DB /* ViewController.swift */ = {isa = PBXFileReference; lastKnownFileType = sourcecode.swift; path = ViewController.swift; sourceTree = "<group>"; };
		D35EE92A298BCA0D0082E1DB /* Base */ = {isa = PBXFileReference; lastKnownFileType = file.storyboard; name = Base; path = Base.lproj/Main.storyboard; sourceTree = "<group>"; };
		D35EE92C298BCA0F0082E1DB /* Assets.xcassets */ = {isa = PBXFileReference; lastKnownFileType = folder.assetcatalog; path = Assets.xcassets; sourceTree = "<group>"; };
		D35EE92F298BCA0F0082E1DB /* Base */ = {isa = PBXFileReference; lastKnownFileType = file.storyboard; name = Base; path = Base.lproj/LaunchScreen.storyboard; sourceTree = "<group>"; };
		D35EE931298BCA0F0082E1DB /* Info.plist */ = {isa = PBXFileReference; lastKnownFileType = text.plist.xml; path = Info.plist; sourceTree = "<group>"; };
		D35EE94C298BCCD80082E1DB /* Config.xcconfig */ = {isa = PBXFileReference; lastKnownFileType = text.xcconfig; path = Config.xcconfig; sourceTree = "<group>"; };
		D35EE94D298FD5DD0082E1DB /* KakaoAuthVM.swift */ = {isa = PBXFileReference; lastKnownFileType = sourcecode.swift; path = KakaoAuthVM.swift; sourceTree = "<group>"; };
/* End PBXFileReference section */

/* Begin PBXFrameworksBuildPhase section */
		D35EE91D298BCA0D0082E1DB /* Frameworks */ = {
			isa = PBXFrameworksBuildPhase;
			buildActionMask = 2147483647;
			files = (
				D35EE939298BCBB20082E1DB /* KakaoSDK in Frameworks */,
				D35EE947298BCBB20082E1DB /* KakaoSDKTalk in Frameworks */,
				D35EE93F298BCBB20082E1DB /* KakaoSDKCommonCore in Frameworks */,
				D35EE941298BCBB20082E1DB /* KakaoSDKNavi in Frameworks */,
				D35EE945298BCBB20082E1DB /* KakaoSDKStory in Frameworks */,
				D35EE949298BCBB20082E1DB /* KakaoSDKTemplate in Frameworks */,
				D35EE93D298BCBB20082E1DB /* KakaoSDKCommon in Frameworks */,
				D35EE93B298BCBB20082E1DB /* KakaoSDKAuth in Frameworks */,
				D35EE94B298BCBB20082E1DB /* KakaoSDKUser in Frameworks */,
				D35EE943298BCBB20082E1DB /* KakaoSDKShare in Frameworks */,
				D35EE951298FD8510082E1DB /* SnapKit in Frameworks */,
			);
			runOnlyForDeploymentPostprocessing = 0;
		};
/* End PBXFrameworksBuildPhase section */

/* Begin PBXGroup section */
		D35EE917298BCA0D0082E1DB = {
			isa = PBXGroup;
			children = (
				D35EE922298BCA0D0082E1DB /* KakaoLoginUIKit-tutorial */,
				D35EE921298BCA0D0082E1DB /* Products */,
			);
			sourceTree = "<group>";
		};
		D35EE921298BCA0D0082E1DB /* Products */ = {
			isa = PBXGroup;
			children = (
				D35EE920298BCA0D0082E1DB /* KakaoLoginUIKit-tutorial.app */,
			);
			name = Products;
			sourceTree = "<group>";
		};
		D35EE922298BCA0D0082E1DB /* KakaoLoginUIKit-tutorial */ = {
			isa = PBXGroup;
			children = (
				D35EE923298BCA0D0082E1DB /* AppDelegate.swift */,
				D35EE925298BCA0D0082E1DB /* SceneDelegate.swift */,
				D35EE927298BCA0D0082E1DB /* ViewController.swift */,
				D35EE94D298FD5DD0082E1DB /* KakaoAuthVM.swift */,
				D35EE929298BCA0D0082E1DB /* Main.storyboard */,
				D35EE92C298BCA0F0082E1DB /* Assets.xcassets */,
				D35EE92E298BCA0F0082E1DB /* LaunchScreen.storyboard */,
				D35EE931298BCA0F0082E1DB /* Info.plist */,
				D35EE94C298BCCD80082E1DB /* Config.xcconfig */,
			);
			path = "KakaoLoginUIKit-tutorial";
			sourceTree = "<group>";
		};
/* End PBXGroup section */

/* Begin PBXNativeTarget section */
		D35EE91F298BCA0D0082E1DB /* KakaoLoginUIKit-tutorial */ = {
			isa = PBXNativeTarget;
			buildConfigurationList = D35EE934298BCA0F0082E1DB /* Build configuration list for PBXNativeTarget "KakaoLoginUIKit-tutorial" */;
			buildPhases = (
				D35EE91C298BCA0D0082E1DB /* Sources */,
				D35EE91D298BCA0D0082E1DB /* Frameworks */,
				D35EE91E298BCA0D0082E1DB /* Resources */,
			);
			buildRules = (
			);
			dependencies = (
			);
			name = "KakaoLoginUIKit-tutorial";
			packageProductDependencies = (
				D35EE938298BCBB20082E1DB /* KakaoSDK */,
				D35EE93A298BCBB20082E1DB /* KakaoSDKAuth */,
				D35EE93C298BCBB20082E1DB /* KakaoSDKCommon */,
				D35EE93E298BCBB20082E1DB /* KakaoSDKCommonCore */,
				D35EE940298BCBB20082E1DB /* KakaoSDKNavi */,
				D35EE942298BCBB20082E1DB /* KakaoSDKShare */,
				D35EE944298BCBB20082E1DB /* KakaoSDKStory */,
				D35EE946298BCBB20082E1DB /* KakaoSDKTalk */,
				D35EE948298BCBB20082E1DB /* KakaoSDKTemplate */,
				D35EE94A298BCBB20082E1DB /* KakaoSDKUser */,
				D35EE950298FD8510082E1DB /* SnapKit */,
			);
			productName = "KakaoLoginUIKit-tutorial";
			productReference = D35EE920298BCA0D0082E1DB /* KakaoLoginUIKit-tutorial.app */;
			productType = "com.apple.product-type.application";
		};
/* End PBXNativeTarget section */

/* Begin PBXProject section */
		D35EE918298BCA0D0082E1DB /* Project object */ = {
			isa = PBXProject;
			attributes = {
				BuildIndependentTargetsInParallel = 1;
				LastSwiftUpdateCheck = 1420;
				LastUpgradeCheck = 1420;
				TargetAttributes = {
					D35EE91F298BCA0D0082E1DB = {
						CreatedOnToolsVersion = 14.2;
					};
				};
			};
			buildConfigurationList = D35EE91B298BCA0D0082E1DB /* Build configuration list for PBXProject "KakaoLoginUIKit-tutorial" */;
			compatibilityVersion = "Xcode 14.0";
			developmentRegion = en;
			hasScannedForEncodings = 0;
			knownRegions = (
				en,
				Base,
			);
			mainGroup = D35EE917298BCA0D0082E1DB;
			packageReferences = (
				D35EE937298BCBB20082E1DB /* XCRemoteSwiftPackageReference "kakao-ios-sdk" */,
				D35EE94F298FD8510082E1DB /* XCRemoteSwiftPackageReference "SnapKit" */,
			);
			productRefGroup = D35EE921298BCA0D0082E1DB /* Products */;
			projectDirPath = "";
			projectRoot = "";
			targets = (
				D35EE91F298BCA0D0082E1DB /* KakaoLoginUIKit-tutorial */,
			);
		};
/* End PBXProject section */

/* Begin PBXResourcesBuildPhase section */
		D35EE91E298BCA0D0082E1DB /* Resources */ = {
			isa = PBXResourcesBuildPhase;
			buildActionMask = 2147483647;
			files = (
				D35EE930298BCA0F0082E1DB /* LaunchScreen.storyboard in Resources */,
				D35EE92D298BCA0F0082E1DB /* Assets.xcassets in Resources */,
				D35EE92B298BCA0D0082E1DB /* Main.storyboard in Resources */,
			);
			runOnlyForDeploymentPostprocessing = 0;
		};
/* End PBXResourcesBuildPhase section */

/* Begin PBXSourcesBuildPhase section */
		D35EE91C298BCA0D0082E1DB /* Sources */ = {
			isa = PBXSourcesBuildPhase;
			buildActionMask = 2147483647;
			files = (
				D35EE94E298FD5DD0082E1DB /* KakaoAuthVM.swift in Sources */,
				D35EE928298BCA0D0082E1DB /* ViewController.swift in Sources */,
				D35EE924298BCA0D0082E1DB /* AppDelegate.swift in Sources */,
				D35EE926298BCA0D0082E1DB /* SceneDelegate.swift in Sources */,
			);
			runOnlyForDeploymentPostprocessing = 0;
		};
/* End PBXSourcesBuildPhase section */

/* Begin PBXVariantGroup section */
		D35EE929298BCA0D0082E1DB /* Main.storyboard */ = {
			isa = PBXVariantGroup;
			children = (
				D35EE92A298BCA0D0082E1DB /* Base */,
			);
			name = Main.storyboard;
			sourceTree = "<group>";
		};
		D35EE92E298BCA0F0082E1DB /* LaunchScreen.storyboard */ = {
			isa = PBXVariantGroup;
			children = (
				D35EE92F298BCA0F0082E1DB /* Base */,
			);
			name = LaunchScreen.storyboard;
			sourceTree = "<group>";
		};
/* End PBXVariantGroup section */

/* Begin XCBuildConfiguration section */
		D35EE932298BCA0F0082E1DB /* Debug */ = {
			isa = XCBuildConfiguration;
			baseConfigurationReference = D35EE94C298BCCD80082E1DB /* Config.xcconfig */;
			buildSettings = {
				ALWAYS_SEARCH_USER_PATHS = NO;
				CLANG_ANALYZER_NONNULL = YES;
				CLANG_ANALYZER_NUMBER_OBJECT_CONVERSION = YES_AGGRESSIVE;
				CLANG_CXX_LANGUAGE_STANDARD = "gnu++20";
				CLANG_ENABLE_MODULES = YES;
				CLANG_ENABLE_OBJC_ARC = YES;
				CLANG_ENABLE_OBJC_WEAK = YES;
				CLANG_WARN_BLOCK_CAPTURE_AUTORELEASING = YES;
				CLANG_WARN_BOOL_CONVERSION = YES;
				CLANG_WARN_COMMA = YES;
				CLANG_WARN_CONSTANT_CONVERSION = YES;
				CLANG_WARN_DEPRECATED_OBJC_IMPLEMENTATIONS = YES;
				CLANG_WARN_DIRECT_OBJC_ISA_USAGE = YES_ERROR;
				CLANG_WARN_DOCUMENTATION_COMMENTS = YES;
				CLANG_WARN_EMPTY_BODY = YES;
				CLANG_WARN_ENUM_CONVERSION = YES;
				CLANG_WARN_INFINITE_RECURSION = YES;
				CLANG_WARN_INT_CONVERSION = YES;
				CLANG_WARN_NON_LITERAL_NULL_CONVERSION = YES;
				CLANG_WARN_OBJC_IMPLICIT_RETAIN_SELF = YES;
				CLANG_WARN_OBJC_LITERAL_CONVERSION = YES;
				CLANG_WARN_OBJC_ROOT_CLASS = YES_ERROR;
				CLANG_WARN_QUOTED_INCLUDE_IN_FRAMEWORK_HEADER = YES;
				CLANG_WARN_RANGE_LOOP_ANALYSIS = YES;
				CLANG_WARN_STRICT_PROTOTYPES = YES;
				CLANG_WARN_SUSPICIOUS_MOVE = YES;
				CLANG_WARN_UNGUARDED_AVAILABILITY = YES_AGGRESSIVE;
				CLANG_WARN_UNREACHABLE_CODE = YES;
				CLANG_WARN__DUPLICATE_METHOD_MATCH = YES;
				COPY_PHASE_STRIP = NO;
				DEBUG_INFORMATION_FORMAT = dwarf;
				ENABLE_STRICT_OBJC_MSGSEND = YES;
				ENABLE_TESTABILITY = YES;
				GCC_C_LANGUAGE_STANDARD = gnu11;
				GCC_DYNAMIC_NO_PIC = NO;
				GCC_NO_COMMON_BLOCKS = YES;
				GCC_OPTIMIZATION_LEVEL = 0;
				GCC_PREPROCESSOR_DEFINITIONS = (
					"DEBUG=1",
					"$(inherited)",
				);
				GCC_WARN_64_TO_32_BIT_CONVERSION = YES;
				GCC_WARN_ABOUT_RETURN_TYPE = YES_ERROR;
				GCC_WARN_UNDECLARED_SELECTOR = YES;
				GCC_WARN_UNINITIALIZED_AUTOS = YES_AGGRESSIVE;
				GCC_WARN_UNUSED_FUNCTION = YES;
				GCC_WARN_UNUSED_VARIABLE = YES;
				IPHONEOS_DEPLOYMENT_TARGET = 16.2;
				MTL_ENABLE_DEBUG_INFO = INCLUDE_SOURCE;
				MTL_FAST_MATH = YES;
				ONLY_ACTIVE_ARCH = YES;
				SDKROOT = iphoneos;
				SWIFT_ACTIVE_COMPILATION_CONDITIONS = DEBUG;
				SWIFT_OPTIMIZATION_LEVEL = "-Onone";
			};
			name = Debug;
		};
		D35EE933298BCA0F0082E1DB /* Release */ = {
			isa = XCBuildConfiguration;
			baseConfigurationReference = D35EE94C298BCCD80082E1DB /* Config.xcconfig */;
			buildSettings = {
				ALWAYS_SEARCH_USER_PATHS = NO;
				CLANG_ANALYZER_NONNULL = YES;
				CLANG_ANALYZER_NUMBER_OBJECT_CONVERSION = YES_AGGRESSIVE;
				CLANG_CXX_LANGUAGE_STANDARD = "gnu++20";
				CLANG_ENABLE_MODULES = YES;
				CLANG_ENABLE_OBJC_ARC = YES;
				CLANG_ENABLE_OBJC_WEAK = YES;
				CLANG_WARN_BLOCK_CAPTURE_AUTORELEASING = YES;
				CLANG_WARN_BOOL_CONVERSION = YES;
				CLANG_WARN_COMMA = YES;
				CLANG_WARN_CONSTANT_CONVERSION = YES;
				CLANG_WARN_DEPRECATED_OBJC_IMPLEMENTATIONS = YES;
				CLANG_WARN_DIRECT_OBJC_ISA_USAGE = YES_ERROR;
				CLANG_WARN_DOCUMENTATION_COMMENTS = YES;
				CLANG_WARN_EMPTY_BODY = YES;
				CLANG_WARN_ENUM_CONVERSION = YES;
				CLANG_WARN_INFINITE_RECURSION = YES;
				CLANG_WARN_INT_CONVERSION = YES;
				CLANG_WARN_NON_LITERAL_NULL_CONVERSION = YES;
				CLANG_WARN_OBJC_IMPLICIT_RETAIN_SELF = YES;
				CLANG_WARN_OBJC_LITERAL_CONVERSION = YES;
				CLANG_WARN_OBJC_ROOT_CLASS = YES_ERROR;
				CLANG_WARN_QUOTED_INCLUDE_IN_FRAMEWORK_HEADER = YES;
				CLANG_WARN_RANGE_LOOP_ANALYSIS = YES;
				CLANG_WARN_STRICT_PROTOTYPES = YES;
				CLANG_WARN_SUSPICIOUS_MOVE = YES;
				CLANG_WARN_UNGUARDED_AVAILABILITY = YES_AGGRESSIVE;
				CLANG_WARN_UNREACHABLE_CODE = YES;
				CLANG_WARN__DUPLICATE_METHOD_MATCH = YES;
				COPY_PHASE_STRIP = NO;
				DEBUG_INFORMATION_FORMAT = "dwarf-with-dsym";
				ENABLE_NS_ASSERTIONS = NO;
				ENABLE_STRICT_OBJC_MSGSEND = YES;
				GCC_C_LANGUAGE_STANDARD = gnu11;
				GCC_NO_COMMON_BLOCKS = YES;
				GCC_WARN_64_TO_32_BIT_CONVERSION = YES;
				GCC_WARN_ABOUT_RETURN_TYPE = YES_ERROR;
				GCC_WARN_UNDECLARED_SELECTOR = YES;
				GCC_WARN_UNINITIALIZED_AUTOS = YES_AGGRESSIVE;
				GCC_WARN_UNUSED_FUNCTION = YES;
				GCC_WARN_UNUSED_VARIABLE = YES;
				IPHONEOS_DEPLOYMENT_TARGET = 16.2;
				MTL_ENABLE_DEBUG_INFO = NO;
				MTL_FAST_MATH = YES;
				SDKROOT = iphoneos;
				SWIFT_COMPILATION_MODE = wholemodule;
				SWIFT_OPTIMIZATION_LEVEL = "-O";
				VALIDATE_PRODUCT = YES;
			};
			name = Release;
		};
		D35EE935298BCA0F0082E1DB /* Debug */ = {
			isa = XCBuildConfiguration;
			baseConfigurationReference = D35EE94C298BCCD80082E1DB /* Config.xcconfig */;
			buildSettings = {
				ASSETCATALOG_COMPILER_APPICON_NAME = AppIcon;
				ASSETCATALOG_COMPILER_GLOBAL_ACCENT_COLOR_NAME = AccentColor;
				CODE_SIGN_STYLE = Automatic;
				CURRENT_PROJECT_VERSION = 1;
				DEVELOPMENT_TEAM = DWSC33BXMD;
				GENERATE_INFOPLIST_FILE = YES;
				INFOPLIST_FILE = "KakaoLoginUIKit-tutorial/Info.plist";
				INFOPLIST_KEY_UIApplicationSupportsIndirectInputEvents = YES;
				INFOPLIST_KEY_UILaunchStoryboardName = LaunchScreen;
				INFOPLIST_KEY_UIMainStoryboardFile = Main;
				INFOPLIST_KEY_UISupportedInterfaceOrientations_iPad = "UIInterfaceOrientationPortrait UIInterfaceOrientationPortraitUpsideDown UIInterfaceOrientationLandscapeLeft UIInterfaceOrientationLandscapeRight";
				INFOPLIST_KEY_UISupportedInterfaceOrientations_iPhone = "UIInterfaceOrientationPortrait UIInterfaceOrientationLandscapeLeft UIInterfaceOrientationLandscapeRight";
				LD_RUNPATH_SEARCH_PATHS = (
					"$(inherited)",
					"@executable_path/Frameworks",
				);
				MARKETING_VERSION = 1.0;
				PRODUCT_BUNDLE_IDENTIFIER = "hyeju.KakaoLoginUIKit-tutorial";
				PRODUCT_NAME = "$(TARGET_NAME)";
				SWIFT_EMIT_LOC_STRINGS = YES;
				SWIFT_VERSION = 5.0;
				TARGETED_DEVICE_FAMILY = "1,2";
			};
			name = Debug;
		};
		D35EE936298BCA0F0082E1DB /* Release */ = {
			isa = XCBuildConfiguration;
			baseConfigurationReference = D35EE94C298BCCD80082E1DB /* Config.xcconfig */;
			buildSettings = {
				ASSETCATALOG_COMPILER_APPICON_NAME = AppIcon;
				ASSETCATALOG_COMPILER_GLOBAL_ACCENT_COLOR_NAME = AccentColor;
				CODE_SIGN_STYLE = Automatic;
				CURRENT_PROJECT_VERSION = 1;
				DEVELOPMENT_TEAM = DWSC33BXMD;
				GENERATE_INFOPLIST_FILE = YES;
				INFOPLIST_FILE = "KakaoLoginUIKit-tutorial/Info.plist";
				INFOPLIST_KEY_UIApplicationSupportsIndirectInputEvents = YES;
				INFOPLIST_KEY_UILaunchStoryboardName = LaunchScreen;
				INFOPLIST_KEY_UIMainStoryboardFile = Main;
				INFOPLIST_KEY_UISupportedInterfaceOrientations_iPad = "UIInterfaceOrientationPortrait UIInterfaceOrientationPortraitUpsideDown UIInterfaceOrientationLandscapeLeft UIInterfaceOrientationLandscapeRight";
				INFOPLIST_KEY_UISupportedInterfaceOrientations_iPhone = "UIInterfaceOrientationPortrait UIInterfaceOrientationLandscapeLeft UIInterfaceOrientationLandscapeRight";
				LD_RUNPATH_SEARCH_PATHS = (
					"$(inherited)",
					"@executable_path/Frameworks",
				);
				MARKETING_VERSION = 1.0;
				PRODUCT_BUNDLE_IDENTIFIER = "hyeju.KakaoLoginUIKit-tutorial";
				PRODUCT_NAME = "$(TARGET_NAME)";
				SWIFT_EMIT_LOC_STRINGS = YES;
				SWIFT_VERSION = 5.0;
				TARGETED_DEVICE_FAMILY = "1,2";
			};
			name = Release;
		};
/* End XCBuildConfiguration section */

/* Begin XCConfigurationList section */
		D35EE91B298BCA0D0082E1DB /* Build configuration list for PBXProject "KakaoLoginUIKit-tutorial" */ = {
			isa = XCConfigurationList;
			buildConfigurations = (
				D35EE932298BCA0F0082E1DB /* Debug */,
				D35EE933298BCA0F0082E1DB /* Release */,
			);
			defaultConfigurationIsVisible = 0;
			defaultConfigurationName = Release;
		};
		D35EE934298BCA0F0082E1DB /* Build configuration list for PBXNativeTarget "KakaoLoginUIKit-tutorial" */ = {
			isa = XCConfigurationList;
			buildConfigurations = (
				D35EE935298BCA0F0082E1DB /* Debug */,
				D35EE936298BCA0F0082E1DB /* Release */,
			);
			defaultConfigurationIsVisible = 0;
			defaultConfigurationName = Release;
		};
/* End XCConfigurationList section */

/* Begin XCRemoteSwiftPackageReference section */
		D35EE937298BCBB20082E1DB /* XCRemoteSwiftPackageReference "kakao-ios-sdk" */ = {
			isa = XCRemoteSwiftPackageReference;
			repositoryURL = "https://github.com/kakao/kakao-ios-sdk";
			requirement = {
				kind = upToNextMajorVersion;
				minimumVersion = 2.0.0;
			};
		};
		D35EE94F298FD8510082E1DB /* XCRemoteSwiftPackageReference "SnapKit" */ = {
			isa = XCRemoteSwiftPackageReference;
			repositoryURL = "https://github.com/SnapKit/SnapKit.git";
			requirement = {
				kind = upToNextMajorVersion;
				minimumVersion = 5.0.0;
			};
		};
/* End XCRemoteSwiftPackageReference section */

/* Begin XCSwiftPackageProductDependency section */
		D35EE938298BCBB20082E1DB /* KakaoSDK */ = {
			isa = XCSwiftPackageProductDependency;
			package = D35EE937298BCBB20082E1DB /* XCRemoteSwiftPackageReference "kakao-ios-sdk" */;
			productName = KakaoSDK;
		};
		D35EE93A298BCBB20082E1DB /* KakaoSDKAuth */ = {
			isa = XCSwiftPackageProductDependency;
			package = D35EE937298BCBB20082E1DB /* XCRemoteSwiftPackageReference "kakao-ios-sdk" */;
			productName = KakaoSDKAuth;
		};
		D35EE93C298BCBB20082E1DB /* KakaoSDKCommon */ = {
			isa = XCSwiftPackageProductDependency;
			package = D35EE937298BCBB20082E1DB /* XCRemoteSwiftPackageReference "kakao-ios-sdk" */;
			productName = KakaoSDKCommon;
		};
		D35EE93E298BCBB20082E1DB /* KakaoSDKCommonCore */ = {
			isa = XCSwiftPackageProductDependency;
			package = D35EE937298BCBB20082E1DB /* XCRemoteSwiftPackageReference "kakao-ios-sdk" */;
			productName = KakaoSDKCommonCore;
		};
		D35EE940298BCBB20082E1DB /* KakaoSDKNavi */ = {
			isa = XCSwiftPackageProductDependency;
			package = D35EE937298BCBB20082E1DB /* XCRemoteSwiftPackageReference "kakao-ios-sdk" */;
			productName = KakaoSDKNavi;
		};
		D35EE942298BCBB20082E1DB /* KakaoSDKShare */ = {
			isa = XCSwiftPackageProductDependency;
			package = D35EE937298BCBB20082E1DB /* XCRemoteSwiftPackageReference "kakao-ios-sdk" */;
			productName = KakaoSDKShare;
		};
		D35EE944298BCBB20082E1DB /* KakaoSDKStory */ = {
			isa = XCSwiftPackageProductDependency;
			package = D35EE937298BCBB20082E1DB /* XCRemoteSwiftPackageReference "kakao-ios-sdk" */;
			productName = KakaoSDKStory;
		};
		D35EE946298BCBB20082E1DB /* KakaoSDKTalk */ = {
			isa = XCSwiftPackageProductDependency;
			package = D35EE937298BCBB20082E1DB /* XCRemoteSwiftPackageReference "kakao-ios-sdk" */;
			productName = KakaoSDKTalk;
		};
		D35EE948298BCBB20082E1DB /* KakaoSDKTemplate */ = {
			isa = XCSwiftPackageProductDependency;
			package = D35EE937298BCBB20082E1DB /* XCRemoteSwiftPackageReference "kakao-ios-sdk" */;
			productName = KakaoSDKTemplate;
		};
		D35EE94A298BCBB20082E1DB /* KakaoSDKUser */ = {
			isa = XCSwiftPackageProductDependency;
			package = D35EE937298BCBB20082E1DB /* XCRemoteSwiftPackageReference "kakao-ios-sdk" */;
			productName = KakaoSDKUser;
		};
		D35EE950298FD8510082E1DB /* SnapKit */ = {
			isa = XCSwiftPackageProductDependency;
			package = D35EE94F298FD8510082E1DB /* XCRemoteSwiftPackageReference "SnapKit" */;
			productName = SnapKit;
		};
/* End XCSwiftPackageProductDependency section */
	};
	rootObject = D35EE918298BCA0D0082E1DB /* Project object */;
}
